
Microsoft Visual Studio Solution File, Format Version 12.00
# Visual Studio Version 17
VisualStudioVersion = 17.3.32922.545
MinimumVisualStudioVersion = 10.0.40219.1
Project("{FAE04EC0-301F-11D3-BF4B-00C04F79EFBC}") = "AbbyWeb", "AbbyWeb\AbbyWeb.csproj", "{C3A41A9E-9EC4-48A8-9172-8D6844454F2F}"
EndProject
Global
	GlobalSection(SolutionConfigurationPlatforms) = preSolution
		Debug|Any CPU = Debug|Any CPU
		Release|Any CPU = Release|Any CPU
	EndGlobalSection
	GlobalSection(ProjectConfigurationPlatforms) = postSolution
		{C3A41A9E-9EC4-48A8-9172-8D6844454F2F}.Debug|Any CPU.ActiveCfg = Debug|Any CPU
		{C3A41A9E-9EC4-48A8-9172-8D6844454F2F}.Debug|Any CPU.Build.0 = Debug|Any CPU
		{C3A41A9E-9EC4-48A8-9172-8D6844454F2F}.Release|Any CPU.ActiveCfg = Release|Any CPU
		{C3A41A9E-9EC4-48A8-9172-8D6844454F2F}.Release|Any CPU.Build.0 = Release|Any CPU
	EndGlobalSection
	GlobalSection(SolutionProperties) = preSolution
		HideSolutionNode = FALSE
	EndGlobalSection
	GlobalSection(ExtensibilityGlobals) = postSolution
		SolutionGuid = {D17393D6-A978-4B5C-B483-948BC804FD7C}
	EndGlobalSection
EndGlobal
